// !$*UTF8*$!
{
	archiveVersion = 1;
	classes = {
	};
	objectVersion = 56;
	objects = {

/* Begin PBXBuildFile section */
		B846ADB6291DEA2900E06096 /* ProductViewModel.swift in Sources */ = {isa = PBXBuildFile; fileRef = B846ADB5291DEA2900E06096 /* ProductViewModel.swift */; };
		B846ADB8291DEADA00E06096 /* ProductDetailView.swift in Sources */ = {isa = PBXBuildFile; fileRef = B846ADB7291DEADA00E06096 /* ProductDetailView.swift */; };
		B846ADC0291E108600E06096 /* MockAPITests.swift in Sources */ = {isa = PBXBuildFile; fileRef = B846ADBF291E108600E06096 /* MockAPITests.swift */; };
		B846ADC6291E11A000E06096 /* ProductListViewModel.swift in Sources */ = {isa = PBXBuildFile; fileRef = B8E10E2E291D16D700071950 /* ProductListViewModel.swift */; };
		B846ADC7291E210F00E06096 /* ProductModel.swift in Sources */ = {isa = PBXBuildFile; fileRef = B8E10E24291D042700071950 /* ProductModel.swift */; };
		B846ADC8291E22F700E06096 /* ProductViewModel.swift in Sources */ = {isa = PBXBuildFile; fileRef = B846ADB5291DEA2900E06096 /* ProductViewModel.swift */; };
		B846ADC9291E248400E06096 /* ProductView.swift in Sources */ = {isa = PBXBuildFile; fileRef = B8E10E30291D195100071950 /* ProductView.swift */; };
		B846ADCA291E248500E06096 /* ProductDetailView.swift in Sources */ = {isa = PBXBuildFile; fileRef = B846ADB7291DEADA00E06096 /* ProductDetailView.swift */; };
		B846ADCB291E248D00E06096 /* ProductListView.swift in Sources */ = {isa = PBXBuildFile; fileRef = B8E10E2B291D04AB00071950 /* ProductListView.swift */; };
		B8E10E11291D035200071950 /* MockAPIApp.swift in Sources */ = {isa = PBXBuildFile; fileRef = B8E10E10291D035200071950 /* MockAPIApp.swift */; };
		B8E10E15291D035400071950 /* Assets.xcassets in Resources */ = {isa = PBXBuildFile; fileRef = B8E10E14291D035400071950 /* Assets.xcassets */; };
		B8E10E18291D035400071950 /* Preview Assets.xcassets in Resources */ = {isa = PBXBuildFile; fileRef = B8E10E17291D035400071950 /* Preview Assets.xcassets */; };
		B8E10E1D291D035400071950 /* MockAPI.xcdatamodeld in Sources */ = {isa = PBXBuildFile; fileRef = B8E10E1B291D035400071950 /* MockAPI.xcdatamodeld */; };
		B8E10E25291D042700071950 /* ProductModel.swift in Sources */ = {isa = PBXBuildFile; fileRef = B8E10E24291D042700071950 /* ProductModel.swift */; };
		B8E10E2C291D04AB00071950 /* ProductListView.swift in Sources */ = {isa = PBXBuildFile; fileRef = B8E10E2B291D04AB00071950 /* ProductListView.swift */; };
		B8E10E2F291D16D700071950 /* ProductListViewModel.swift in Sources */ = {isa = PBXBuildFile; fileRef = B8E10E2E291D16D700071950 /* ProductListViewModel.swift */; };
		B8E10E31291D195100071950 /* ProductView.swift in Sources */ = {isa = PBXBuildFile; fileRef = B8E10E30291D195100071950 /* ProductView.swift */; };
/* End PBXBuildFile section */

/* Begin PBXContainerItemProxy section */
		B846ADC1291E108600E06096 /* PBXContainerItemProxy */ = {
			isa = PBXContainerItemProxy;
			containerPortal = B8E10E05291D035200071950 /* Project object */;
			proxyType = 1;
			remoteGlobalIDString = B8E10E0C291D035200071950;
			remoteInfo = MockAPI;
		};
/* End PBXContainerItemProxy section */

/* Begin PBXFileReference section */
		B846ADB5291DEA2900E06096 /* ProductViewModel.swift */ = {isa = PBXFileReference; lastKnownFileType = sourcecode.swift; path = ProductViewModel.swift; sourceTree = "<group>"; };
		B846ADB7291DEADA00E06096 /* ProductDetailView.swift */ = {isa = PBXFileReference; lastKnownFileType = sourcecode.swift; path = ProductDetailView.swift; sourceTree = "<group>"; };
		B846ADBD291E108600E06096 /* MockAPITests.xctest */ = {isa = PBXFileReference; explicitFileType = wrapper.cfbundle; includeInIndex = 0; path = MockAPITests.xctest; sourceTree = BUILT_PRODUCTS_DIR; };
		B846ADBF291E108600E06096 /* MockAPITests.swift */ = {isa = PBXFileReference; lastKnownFileType = sourcecode.swift; path = MockAPITests.swift; sourceTree = "<group>"; };
		B8E10E0D291D035200071950 /* MockAPI.app */ = {isa = PBXFileReference; explicitFileType = wrapper.application; includeInIndex = 0; path = MockAPI.app; sourceTree = BUILT_PRODUCTS_DIR; };
		B8E10E10291D035200071950 /* MockAPIApp.swift */ = {isa = PBXFileReference; lastKnownFileType = sourcecode.swift; path = MockAPIApp.swift; sourceTree = "<group>"; };
		B8E10E14291D035400071950 /* Assets.xcassets */ = {isa = PBXFileReference; lastKnownFileType = folder.assetcatalog; path = Assets.xcassets; sourceTree = "<group>"; };
		B8E10E17291D035400071950 /* Preview Assets.xcassets */ = {isa = PBXFileReference; lastKnownFileType = folder.assetcatalog; path = "Preview Assets.xcassets"; sourceTree = "<group>"; };
		B8E10E1C291D035400071950 /* MockAPI.xcdatamodel */ = {isa = PBXFileReference; lastKnownFileType = wrapper.xcdatamodel; path = MockAPI.xcdatamodel; sourceTree = "<group>"; };
		B8E10E24291D042700071950 /* ProductModel.swift */ = {isa = PBXFileReference; lastKnownFileType = sourcecode.swift; path = ProductModel.swift; sourceTree = "<group>"; };
		B8E10E2B291D04AB00071950 /* ProductListView.swift */ = {isa = PBXFileReference; lastKnownFileType = sourcecode.swift; path = ProductListView.swift; sourceTree = "<group>"; };
		B8E10E2E291D16D700071950 /* ProductListViewModel.swift */ = {isa = PBXFileReference; lastKnownFileType = sourcecode.swift; path = ProductListViewModel.swift; sourceTree = "<group>"; };
		B8E10E30291D195100071950 /* ProductView.swift */ = {isa = PBXFileReference; lastKnownFileType = sourcecode.swift; path = ProductView.swift; sourceTree = "<group>"; };
/* End PBXFileReference section */

/* Begin PBXFrameworksBuildPhase section */
		B846ADBA291E108600E06096 /* Frameworks */ = {
			isa = PBXFrameworksBuildPhase;
			buildActionMask = 2147483647;
			files = (
			);
			runOnlyForDeploymentPostprocessing = 0;
		};
		B8E10E0A291D035200071950 /* Frameworks */ = {
			isa = PBXFrameworksBuildPhase;
			buildActionMask = 2147483647;
			files = (
			);
			runOnlyForDeploymentPostprocessing = 0;
		};
/* End PBXFrameworksBuildPhase section */

/* Begin PBXGroup section */
		B846ADBE291E108600E06096 /* MockAPITests */ = {
			isa = PBXGroup;
			children = (
				B846ADBF291E108600E06096 /* MockAPITests.swift */,
			);
			path = MockAPITests;
			sourceTree = "<group>";
		};
		B8E10E04291D035200071950 = {
			isa = PBXGroup;
			children = (
				B8E10E0F291D035200071950 /* MockAPI */,
				B846ADBE291E108600E06096 /* MockAPITests */,
				B8E10E0E291D035200071950 /* Products */,
			);
			sourceTree = "<group>";
		};
		B8E10E0E291D035200071950 /* Products */ = {
			isa = PBXGroup;
			children = (
				B8E10E0D291D035200071950 /* MockAPI.app */,
				B846ADBD291E108600E06096 /* MockAPITests.xctest */,
			);
			name = Products;
			sourceTree = "<group>";
		};
		B8E10E0F291D035200071950 /* MockAPI */ = {
			isa = PBXGroup;
			children = (
				B8E10E10291D035200071950 /* MockAPIApp.swift */,
				B8E10E23291D03FD00071950 /* Model */,
				B8E10E26291D044A00071950 /* View */,
				B8E10E2D291D04CF00071950 /* ViewModel */,
				B8E10E14291D035400071950 /* Assets.xcassets */,
				B8E10E1B291D035400071950 /* MockAPI.xcdatamodeld */,
				B8E10E16291D035400071950 /* Preview Content */,
			);
			path = MockAPI;
			sourceTree = "<group>";
		};
		B8E10E16291D035400071950 /* Preview Content */ = {
			isa = PBXGroup;
			children = (
				B8E10E17291D035400071950 /* Preview Assets.xcassets */,
			);
			path = "Preview Content";
			sourceTree = "<group>";
		};
		B8E10E23291D03FD00071950 /* Model */ = {
			isa = PBXGroup;
			children = (
				B8E10E24291D042700071950 /* ProductModel.swift */,
			);
			path = Model;
			sourceTree = "<group>";
		};
		B8E10E26291D044A00071950 /* View */ = {
			isa = PBXGroup;
			children = (
				B8E10E2B291D04AB00071950 /* ProductListView.swift */,
				B8E10E30291D195100071950 /* ProductView.swift */,
				B846ADB7291DEADA00E06096 /* ProductDetailView.swift */,
			);
			path = View;
			sourceTree = "<group>";
		};
		B8E10E2D291D04CF00071950 /* ViewModel */ = {
			isa = PBXGroup;
			children = (
				B8E10E2E291D16D700071950 /* ProductListViewModel.swift */,
				B846ADB5291DEA2900E06096 /* ProductViewModel.swift */,
			);
			path = ViewModel;
			sourceTree = "<group>";
		};
/* End PBXGroup section */

/* Begin PBXNativeTarget section */
		B846ADBC291E108600E06096 /* MockAPITests */ = {
			isa = PBXNativeTarget;
			buildConfigurationList = B846ADC3291E108600E06096 /* Build configuration list for PBXNativeTarget "MockAPITests" */;
			buildPhases = (
				B846ADB9291E108600E06096 /* Sources */,
				B846ADBA291E108600E06096 /* Frameworks */,
				B846ADBB291E108600E06096 /* Resources */,
			);
			buildRules = (
			);
			dependencies = (
				B846ADC2291E108600E06096 /* PBXTargetDependency */,
			);
			name = MockAPITests;
			productName = MockAPITests;
			productReference = B846ADBD291E108600E06096 /* MockAPITests.xctest */;
			productType = "com.apple.product-type.bundle.unit-test";
		};
		B8E10E0C291D035200071950 /* MockAPI */ = {
			isa = PBXNativeTarget;
			buildConfigurationList = B8E10E20291D035400071950 /* Build configuration list for PBXNativeTarget "MockAPI" */;
			buildPhases = (
				B8E10E09291D035200071950 /* Sources */,
				B8E10E0A291D035200071950 /* Frameworks */,
				B8E10E0B291D035200071950 /* Resources */,
			);
			buildRules = (
			);
			dependencies = (
			);
			name = MockAPI;
			productName = MockAPI;
			productReference = B8E10E0D291D035200071950 /* MockAPI.app */;
			productType = "com.apple.product-type.application";
		};
/* End PBXNativeTarget section */

/* Begin PBXProject section */
		B8E10E05291D035200071950 /* Project object */ = {
			isa = PBXProject;
			attributes = {
				BuildIndependentTargetsInParallel = 1;
				LastSwiftUpdateCheck = 1410;
				LastUpgradeCheck = 1410;
				TargetAttributes = {
					B846ADBC291E108600E06096 = {
						CreatedOnToolsVersion = 14.1;
						TestTargetID = B8E10E0C291D035200071950;
					};
					B8E10E0C291D035200071950 = {
						CreatedOnToolsVersion = 14.1;
					};
				};
			};
			buildConfigurationList = B8E10E08291D035200071950 /* Build configuration list for PBXProject "MockAPI" */;
			compatibilityVersion = "Xcode 14.0";
			developmentRegion = en;
			hasScannedForEncodings = 0;
			knownRegions = (
				en,
				Base,
			);
			mainGroup = B8E10E04291D035200071950;
			productRefGroup = B8E10E0E291D035200071950 /* Products */;
			projectDirPath = "";
			projectRoot = "";
			targets = (
				B8E10E0C291D035200071950 /* MockAPI */,
				B846ADBC291E108600E06096 /* MockAPITests */,
			);
		};
/* End PBXProject section */

/* Begin PBXResourcesBuildPhase section */
		B846ADBB291E108600E06096 /* Resources */ = {
			isa = PBXResourcesBuildPhase;
			buildActionMask = 2147483647;
			files = (
			);
			runOnlyForDeploymentPostprocessing = 0;
		};
		B8E10E0B291D035200071950 /* Resources */ = {
			isa = PBXResourcesBuildPhase;
			buildActionMask = 2147483647;
			files = (
				B8E10E18291D035400071950 /* Preview Assets.xcassets in Resources */,
				B8E10E15291D035400071950 /* Assets.xcassets in Resources */,
			);
			runOnlyForDeploymentPostprocessing = 0;
		};
/* End PBXResourcesBuildPhase section */

/* Begin PBXSourcesBuildPhase section */
		B846ADB9291E108600E06096 /* Sources */ = {
			isa = PBXSourcesBuildPhase;
			buildActionMask = 2147483647;
			files = (
				B846ADC9291E248400E06096 /* ProductView.swift in Sources */,
				B846ADC6291E11A000E06096 /* ProductListViewModel.swift in Sources */,
				B846ADCB291E248D00E06096 /* ProductListView.swift in Sources */,
				B846ADC7291E210F00E06096 /* ProductModel.swift in Sources */,
				B846ADC8291E22F700E06096 /* ProductViewModel.swift in Sources */,
				B846ADC0291E108600E06096 /* MockAPITests.swift in Sources */,
				B846ADCA291E248500E06096 /* ProductDetailView.swift in Sources */,
			);
			runOnlyForDeploymentPostprocessing = 0;
		};
		B8E10E09291D035200071950 /* Sources */ = {
			isa = PBXSourcesBuildPhase;
			buildActionMask = 2147483647;
			files = (
				B8E10E1D291D035400071950 /* MockAPI.xcdatamodeld in Sources */,
				B8E10E31291D195100071950 /* ProductView.swift in Sources */,
				B846ADB8291DEADA00E06096 /* ProductDetailView.swift in Sources */,
				B846ADB6291DEA2900E06096 /* ProductViewModel.swift in Sources */,
				B8E10E11291D035200071950 /* MockAPIApp.swift in Sources */,
				B8E10E2C291D04AB00071950 /* ProductListView.swift in Sources */,
				B8E10E2F291D16D700071950 /* ProductListViewModel.swift in Sources */,
				B8E10E25291D042700071950 /* ProductModel.swift in Sources */,
			);
			runOnlyForDeploymentPostprocessing = 0;
		};
/* End PBXSourcesBuildPhase section */

/* Begin PBXTargetDependency section */
		B846ADC2291E108600E06096 /* PBXTargetDependency */ = {
			isa = PBXTargetDependency;
			target = B8E10E0C291D035200071950 /* MockAPI */;
			targetProxy = B846ADC1291E108600E06096 /* PBXContainerItemProxy */;
		};
/* End PBXTargetDependency section */

/* Begin XCBuildConfiguration section */
		B846ADC4291E108600E06096 /* Debug */ = {
			isa = XCBuildConfiguration;
			buildSettings = {
				BUNDLE_LOADER = "$(TEST_HOST)";
				CODE_SIGN_STYLE = Automatic;
				CURRENT_PROJECT_VERSION = 1;
				DEVELOPMENT_TEAM = BD34535B6V;
				GENERATE_INFOPLIST_FILE = YES;
				MARKETING_VERSION = 1.0;
				PRODUCT_BUNDLE_IDENTIFIER = grldt.MockAPITests;
				PRODUCT_NAME = "$(TARGET_NAME)";
				SWIFT_EMIT_LOC_STRINGS = NO;
				SWIFT_VERSION = 5.0;
				TARGETED_DEVICE_FAMILY = "1,2";
				TEST_HOST = "$(BUILT_PRODUCTS_DIR)/MockAPI.app/$(BUNDLE_EXECUTABLE_FOLDER_PATH)/MockAPI";
			};
			name = Debug;
		};
		B846ADC5291E108600E06096 /* Release */ = {
			isa = XCBuildConfiguration;
			buildSettings = {
				BUNDLE_LOADER = "$(TEST_HOST)";
				CODE_SIGN_STYLE = Automatic;
				CURRENT_PROJECT_VERSION = 1;
				DEVELOPMENT_TEAM = BD34535B6V;
				GENERATE_INFOPLIST_FILE = YES;
				MARKETING_VERSION = 1.0;
				PRODUCT_BUNDLE_IDENTIFIER = grldt.MockAPITests;
				PRODUCT_NAME = "$(TARGET_NAME)";
				SWIFT_EMIT_LOC_STRINGS = NO;
				SWIFT_VERSION = 5.0;
				TARGETED_DEVICE_FAMILY = "1,2";
				TEST_HOST = "$(BUILT_PRODUCTS_DIR)/MockAPI.app/$(BUNDLE_EXECUTABLE_FOLDER_PATH)/MockAPI";
			};
			name = Release;
		};
		B8E10E1E291D035400071950 /* Debug */ = {
			isa = XCBuildConfiguration;
			buildSettings = {
				ALWAYS_SEARCH_USER_PATHS = NO;
				CLANG_ANALYZER_NONNULL = YES;
				CLANG_ANALYZER_NUMBER_OBJECT_CONVERSION = YES_AGGRESSIVE;
				CLANG_CXX_LANGUAGE_STANDARD = "gnu++20";
				CLANG_ENABLE_MODULES = YES;
				CLANG_ENABLE_OBJC_ARC = YES;
				CLANG_ENABLE_OBJC_WEAK = YES;
				CLANG_WARN_BLOCK_CAPTURE_AUTORELEASING = YES;
				CLANG_WARN_BOOL_CONVERSION = YES;
				CLANG_WARN_COMMA = YES;
				CLANG_WARN_CONSTANT_CONVERSION = YES;
				CLANG_WARN_DEPRECATED_OBJC_IMPLEMENTATIONS = YES;
				CLANG_WARN_DIRECT_OBJC_ISA_USAGE = YES_ERROR;
				CLANG_WARN_DOCUMENTATION_COMMENTS = YES;
				CLANG_WARN_EMPTY_BODY = YES;
				CLANG_WARN_ENUM_CONVERSION = YES;
				CLANG_WARN_INFINITE_RECURSION = YES;
				CLANG_WARN_INT_CONVERSION = YES;
				CLANG_WARN_NON_LITERAL_NULL_CONVERSION = YES;
				CLANG_WARN_OBJC_IMPLICIT_RETAIN_SELF = YES;
				CLANG_WARN_OBJC_LITERAL_CONVERSION = YES;
				CLANG_WARN_OBJC_ROOT_CLASS = YES_ERROR;
				CLANG_WARN_QUOTED_INCLUDE_IN_FRAMEWORK_HEADER = YES;
				CLANG_WARN_RANGE_LOOP_ANALYSIS = YES;
				CLANG_WARN_STRICT_PROTOTYPES = YES;
				CLANG_WARN_SUSPICIOUS_MOVE = YES;
				CLANG_WARN_UNGUARDED_AVAILABILITY = YES_AGGRESSIVE;
				CLANG_WARN_UNREACHABLE_CODE = YES;
				CLANG_WARN__DUPLICATE_METHOD_MATCH = YES;
				COPY_PHASE_STRIP = NO;
				DEBUG_INFORMATION_FORMAT = dwarf;
				ENABLE_STRICT_OBJC_MSGSEND = YES;
				ENABLE_TESTABILITY = YES;
				GCC_C_LANGUAGE_STANDARD = gnu11;
				GCC_DYNAMIC_NO_PIC = NO;
				GCC_NO_COMMON_BLOCKS = YES;
				GCC_OPTIMIZATION_LEVEL = 0;
				GCC_PREPROCESSOR_DEFINITIONS = (
					"DEBUG=1",
					"$(inherited)",
				);
				GCC_WARN_64_TO_32_BIT_CONVERSION = YES;
				GCC_WARN_ABOUT_RETURN_TYPE = YES_ERROR;
				GCC_WARN_UNDECLARED_SELECTOR = YES;
				GCC_WARN_UNINITIALIZED_AUTOS = YES_AGGRESSIVE;
				GCC_WARN_UNUSED_FUNCTION = YES;
				GCC_WARN_UNUSED_VARIABLE = YES;
				IPHONEOS_DEPLOYMENT_TARGET = 16.1;
				MTL_ENABLE_DEBUG_INFO = INCLUDE_SOURCE;
				MTL_FAST_MATH = YES;
				ONLY_ACTIVE_ARCH = YES;
				SDKROOT = iphoneos;
				SWIFT_ACTIVE_COMPILATION_CONDITIONS = DEBUG;
				SWIFT_OPTIMIZATION_LEVEL = "-Onone";
			};
			name = Debug;
		};
		B8E10E1F291D035400071950 /* Release */ = {
			isa = XCBuildConfiguration;
			buildSettings = {
				ALWAYS_SEARCH_USER_PATHS = NO;
				CLANG_ANALYZER_NONNULL = YES;
				CLANG_ANALYZER_NUMBER_OBJECT_CONVERSION = YES_AGGRESSIVE;
				CLANG_CXX_LANGUAGE_STANDARD = "gnu++20";
				CLANG_ENABLE_MODULES = YES;
				CLANG_ENABLE_OBJC_ARC = YES;
				CLANG_ENABLE_OBJC_WEAK = YES;
				CLANG_WARN_BLOCK_CAPTURE_AUTORELEASING = YES;
				CLANG_WARN_BOOL_CONVERSION = YES;
				CLANG_WARN_COMMA = YES;
				CLANG_WARN_CONSTANT_CONVERSION = YES;
				CLANG_WARN_DEPRECATED_OBJC_IMPLEMENTATIONS = YES;
				CLANG_WARN_DIRECT_OBJC_ISA_USAGE = YES_ERROR;
				CLANG_WARN_DOCUMENTATION_COMMENTS = YES;
				CLANG_WARN_EMPTY_BODY = YES;
				CLANG_WARN_ENUM_CONVERSION = YES;
				CLANG_WARN_INFINITE_RECURSION = YES;
				CLANG_WARN_INT_CONVERSION = YES;
				CLANG_WARN_NON_LITERAL_NULL_CONVERSION = YES;
				CLANG_WARN_OBJC_IMPLICIT_RETAIN_SELF = YES;
				CLANG_WARN_OBJC_LITERAL_CONVERSION = YES;
				CLANG_WARN_OBJC_ROOT_CLASS = YES_ERROR;
				CLANG_WARN_QUOTED_INCLUDE_IN_FRAMEWORK_HEADER = YES;
				CLANG_WARN_RANGE_LOOP_ANALYSIS = YES;
				CLANG_WARN_STRICT_PROTOTYPES = YES;
				CLANG_WARN_SUSPICIOUS_MOVE = YES;
				CLANG_WARN_UNGUARDED_AVAILABILITY = YES_AGGRESSIVE;
				CLANG_WARN_UNREACHABLE_CODE = YES;
				CLANG_WARN__DUPLICATE_METHOD_MATCH = YES;
				COPY_PHASE_STRIP = NO;
				DEBUG_INFORMATION_FORMAT = "dwarf-with-dsym";
				ENABLE_NS_ASSERTIONS = NO;
				ENABLE_STRICT_OBJC_MSGSEND = YES;
				GCC_C_LANGUAGE_STANDARD = gnu11;
				GCC_NO_COMMON_BLOCKS = YES;
				GCC_WARN_64_TO_32_BIT_CONVERSION = YES;
				GCC_WARN_ABOUT_RETURN_TYPE = YES_ERROR;
				GCC_WARN_UNDECLARED_SELECTOR = YES;
				GCC_WARN_UNINITIALIZED_AUTOS = YES_AGGRESSIVE;
				GCC_WARN_UNUSED_FUNCTION = YES;
				GCC_WARN_UNUSED_VARIABLE = YES;
				IPHONEOS_DEPLOYMENT_TARGET = 16.1;
				MTL_ENABLE_DEBUG_INFO = NO;
				MTL_FAST_MATH = YES;
				SDKROOT = iphoneos;
				SWIFT_COMPILATION_MODE = wholemodule;
				SWIFT_OPTIMIZATION_LEVEL = "-O";
				VALIDATE_PRODUCT = YES;
			};
			name = Release;
		};
		B8E10E21291D035400071950 /* Debug */ = {
			isa = XCBuildConfiguration;
			buildSettings = {
				ASSETCATALOG_COMPILER_APPICON_NAME = AppIcon;
				ASSETCATALOG_COMPILER_GLOBAL_ACCENT_COLOR_NAME = AccentColor;
				CODE_SIGN_STYLE = Automatic;
				CURRENT_PROJECT_VERSION = 1;
				DEVELOPMENT_ASSET_PATHS = "\"MockAPI/Preview Content\"";
				DEVELOPMENT_TEAM = BD34535B6V;
				ENABLE_PREVIEWS = YES;
				GENERATE_INFOPLIST_FILE = YES;
				INFOPLIST_KEY_UIApplicationSceneManifest_Generation = YES;
				INFOPLIST_KEY_UIApplicationSupportsIndirectInputEvents = YES;
				INFOPLIST_KEY_UILaunchScreen_Generation = YES;
				INFOPLIST_KEY_UISupportedInterfaceOrientations_iPad = "UIInterfaceOrientationPortrait UIInterfaceOrientationPortraitUpsideDown UIInterfaceOrientationLandscapeLeft UIInterfaceOrientationLandscapeRight";
				INFOPLIST_KEY_UISupportedInterfaceOrientations_iPhone = "UIInterfaceOrientationPortrait UIInterfaceOrientationLandscapeLeft UIInterfaceOrientationLandscapeRight";
				LD_RUNPATH_SEARCH_PATHS = (
					"$(inherited)",
					"@executable_path/Frameworks",
				);
				MARKETING_VERSION = 1.0;
				PRODUCT_BUNDLE_IDENTIFIER = grldt.MockAPI;
				PRODUCT_NAME = "$(TARGET_NAME)";
				SWIFT_EMIT_LOC_STRINGS = YES;
				SWIFT_VERSION = 5.0;
				TARGETED_DEVICE_FAMILY = "1,2";
			};
			name = Debug;
		};
		B8E10E22291D035400071950 /* Release */ = {
			isa = XCBuildConfiguration;
			buildSettings = {
				ASSETCATALOG_COMPILER_APPICON_NAME = AppIcon;
				ASSETCATALOG_COMPILER_GLOBAL_ACCENT_COLOR_NAME = AccentColor;
				CODE_SIGN_STYLE = Automatic;
				CURRENT_PROJECT_VERSION = 1;
				DEVELOPMENT_ASSET_PATHS = "\"MockAPI/Preview Content\"";
				DEVELOPMENT_TEAM = BD34535B6V;
				ENABLE_PREVIEWS = YES;
				GENERATE_INFOPLIST_FILE = YES;
				INFOPLIST_KEY_UIApplicationSceneManifest_Generation = YES;
				INFOPLIST_KEY_UIApplicationSupportsIndirectInputEvents = YES;
				INFOPLIST_KEY_UILaunchScreen_Generation = YES;
				INFOPLIST_KEY_UISupportedInterfaceOrientations_iPad = "UIInterfaceOrientationPortrait UIInterfaceOrientationPortraitUpsideDown UIInterfaceOrientationLandscapeLeft UIInterfaceOrientationLandscapeRight";
				INFOPLIST_KEY_UISupportedInterfaceOrientations_iPhone = "UIInterfaceOrientationPortrait UIInterfaceOrientationLandscapeLeft UIInterfaceOrientationLandscapeRight";
				LD_RUNPATH_SEARCH_PATHS = (
					"$(inherited)",
					"@executable_path/Frameworks",
				);
				MARKETING_VERSION = 1.0;
				PRODUCT_BUNDLE_IDENTIFIER = grldt.MockAPI;
				PRODUCT_NAME = "$(TARGET_NAME)";
				SWIFT_EMIT_LOC_STRINGS = YES;
				SWIFT_VERSION = 5.0;
				TARGETED_DEVICE_FAMILY = "1,2";
			};
			name = Release;
		};
/* End XCBuildConfiguration section */

/* Begin XCConfigurationList section */
		B846ADC3291E108600E06096 /* Build configuration list for PBXNativeTarget "MockAPITests" */ = {
			isa = XCConfigurationList;
			buildConfigurations = (
				B846ADC4291E108600E06096 /* Debug */,
				B846ADC5291E108600E06096 /* Release */,
			);
			defaultConfigurationIsVisible = 0;
			defaultConfigurationName = Release;
		};
		B8E10E08291D035200071950 /* Build configuration list for PBXProject "MockAPI" */ = {
			isa = XCConfigurationList;
			buildConfigurations = (
				B8E10E1E291D035400071950 /* Debug */,
				B8E10E1F291D035400071950 /* Release */,
			);
			defaultConfigurationIsVisible = 0;
			defaultConfigurationName = Release;
		};
		B8E10E20291D035400071950 /* Build configuration list for PBXNativeTarget "MockAPI" */ = {
			isa = XCConfigurationList;
			buildConfigurations = (
				B8E10E21291D035400071950 /* Debug */,
				B8E10E22291D035400071950 /* Release */,
			);
			defaultConfigurationIsVisible = 0;
			defaultConfigurationName = Release;
		};
/* End XCConfigurationList section */

/* Begin XCVersionGroup section */
		B8E10E1B291D035400071950 /* MockAPI.xcdatamodeld */ = {
			isa = XCVersionGroup;
			children = (
				B8E10E1C291D035400071950 /* MockAPI.xcdatamodel */,
			);
			currentVersion = B8E10E1C291D035400071950 /* MockAPI.xcdatamodel */;
			path = MockAPI.xcdatamodeld;
			sourceTree = "<group>";
			versionGroupType = wrapper.xcdatamodel;
		};
/* End XCVersionGroup section */
	};
	rootObject = B8E10E05291D035200071950 /* Project object */;
}
